
Microsoft Visual Studio Solution File, Format Version 12.00
# Visual Studio Version 17
VisualStudioVersion = 17.0.32014.148
MinimumVisualStudioVersion = 10.0.40219.1
Project("{2150E333-8FDC-42A3-9474-1A3956D46DE8}") = "Core", "Core", "{730CDDBA-1603-430C-A968-1574936A1403}"
EndProject
Project("{2150E333-8FDC-42A3-9474-1A3956D46DE8}") = "Infrastructure", "Infrastructure", "{664A6D29-ED48-41B0-BA79-4C85892DB36C}"
EndProject
Project("{2150E333-8FDC-42A3-9474-1A3956D46DE8}") = "Presentation", "Presentation", "{2FCDA910-7F5E-4778-893A-E8E36F6DC3A6}"
EndProject
Project("{2150E333-8FDC-42A3-9474-1A3956D46DE8}") = "Tests", "Tests", "{A2BB5785-D338-4154-A128-89FDAE2C0908}"
EndProject
Project("{9A19103F-16F7-4668-BE54-9A1E7A4F7556}") = "HRM.Domain", "HRM.Domain\HRM.Domain.csproj", "{22E5B858-D4A3-4656-A285-B9CF38D61BF9}"
EndProject
Project("{9A19103F-16F7-4668-BE54-9A1E7A4F7556}") = "HRM.Application", "HRM.Application\HRM.Application.csproj", "{67A8EC9C-AA23-44CA-9865-2952165F6457}"
EndProject
Project("{9A19103F-16F7-4668-BE54-9A1E7A4F7556}") = "HRM.Persistence", "HRM.Persistence\HRM.Persistence.csproj", "{E99DCDCE-A118-4818-AE03-F7AA0F01B75E}"
EndProject
Project("{9A19103F-16F7-4668-BE54-9A1E7A4F7556}") = "HRM.WebApi", "HRM.WebApi\HRM.WebApi.csproj", "{AAE99633-22BF-4AE6-96B8-E22261977989}"
EndProject
Project("{9A19103F-16F7-4668-BE54-9A1E7A4F7556}") = "HRM.Web", "HRM.Web\HRM.Web.csproj", "{1EB6827A-DD7A-4615-8C9D-2932743E34AF}"
EndProject
Project("{FAE04EC0-301F-11D3-BF4B-00C04F79EFBC}") = "HRM.Tests", "HRM.Tests\HRM.Tests.csproj", "{0B9BBDA3-19C3-4E66-883E-DE932FD720E4}"
EndProject
Global
	GlobalSection(SolutionConfigurationPlatforms) = preSolution
		Debug|Any CPU = Debug|Any CPU
		Release|Any CPU = Release|Any CPU
	EndGlobalSection
	GlobalSection(ProjectConfigurationPlatforms) = postSolution
		{22E5B858-D4A3-4656-A285-B9CF38D61BF9}.Debug|Any CPU.ActiveCfg = Debug|Any CPU
		{22E5B858-D4A3-4656-A285-B9CF38D61BF9}.Debug|Any CPU.Build.0 = Debug|Any CPU
		{22E5B858-D4A3-4656-A285-B9CF38D61BF9}.Release|Any CPU.ActiveCfg = Release|Any CPU
		{22E5B858-D4A3-4656-A285-B9CF38D61BF9}.Release|Any CPU.Build.0 = Release|Any CPU
		{67A8EC9C-AA23-44CA-9865-2952165F6457}.Debug|Any CPU.ActiveCfg = Debug|Any CPU
		{67A8EC9C-AA23-44CA-9865-2952165F6457}.Debug|Any CPU.Build.0 = Debug|Any CPU
		{67A8EC9C-AA23-44CA-9865-2952165F6457}.Release|Any CPU.ActiveCfg = Release|Any CPU
		{67A8EC9C-AA23-44CA-9865-2952165F6457}.Release|Any CPU.Build.0 = Release|Any CPU
		{E99DCDCE-A118-4818-AE03-F7AA0F01B75E}.Debug|Any CPU.ActiveCfg = Debug|Any CPU
		{E99DCDCE-A118-4818-AE03-F7AA0F01B75E}.Debug|Any CPU.Build.0 = Debug|Any CPU
		{E99DCDCE-A118-4818-AE03-F7AA0F01B75E}.Release|Any CPU.ActiveCfg = Release|Any CPU
		{E99DCDCE-A118-4818-AE03-F7AA0F01B75E}.Release|Any CPU.Build.0 = Release|Any CPU
		{AAE99633-22BF-4AE6-96B8-E22261977989}.Debug|Any CPU.ActiveCfg = Debug|Any CPU
		{AAE99633-22BF-4AE6-96B8-E22261977989}.Debug|Any CPU.Build.0 = Debug|Any CPU
		{AAE99633-22BF-4AE6-96B8-E22261977989}.Release|Any CPU.ActiveCfg = Release|Any CPU
		{AAE99633-22BF-4AE6-96B8-E22261977989}.Release|Any CPU.Build.0 = Release|Any CPU
		{1EB6827A-DD7A-4615-8C9D-2932743E34AF}.Debug|Any CPU.ActiveCfg = Debug|Any CPU
		{1EB6827A-DD7A-4615-8C9D-2932743E34AF}.Debug|Any CPU.Build.0 = Debug|Any CPU
		{1EB6827A-DD7A-4615-8C9D-2932743E34AF}.Release|Any CPU.ActiveCfg = Release|Any CPU
		{1EB6827A-DD7A-4615-8C9D-2932743E34AF}.Release|Any CPU.Build.0 = Release|Any CPU
		{0B9BBDA3-19C3-4E66-883E-DE932FD720E4}.Debug|Any CPU.ActiveCfg = Debug|Any CPU
		{0B9BBDA3-19C3-4E66-883E-DE932FD720E4}.Debug|Any CPU.Build.0 = Debug|Any CPU
		{0B9BBDA3-19C3-4E66-883E-DE932FD720E4}.Release|Any CPU.ActiveCfg = Release|Any CPU
		{0B9BBDA3-19C3-4E66-883E-DE932FD720E4}.Release|Any CPU.Build.0 = Release|Any CPU
	EndGlobalSection
	GlobalSection(SolutionProperties) = preSolution
		HideSolutionNode = FALSE
	EndGlobalSection
	GlobalSection(NestedProjects) = preSolution
		{22E5B858-D4A3-4656-A285-B9CF38D61BF9} = {730CDDBA-1603-430C-A968-1574936A1403}
		{67A8EC9C-AA23-44CA-9865-2952165F6457} = {730CDDBA-1603-430C-A968-1574936A1403}
		{E99DCDCE-A118-4818-AE03-F7AA0F01B75E} = {664A6D29-ED48-41B0-BA79-4C85892DB36C}
		{AAE99633-22BF-4AE6-96B8-E22261977989} = {2FCDA910-7F5E-4778-893A-E8E36F6DC3A6}
		{1EB6827A-DD7A-4615-8C9D-2932743E34AF} = {2FCDA910-7F5E-4778-893A-E8E36F6DC3A6}
		{0B9BBDA3-19C3-4E66-883E-DE932FD720E4} = {A2BB5785-D338-4154-A128-89FDAE2C0908}
	EndGlobalSection
	GlobalSection(ExtensibilityGlobals) = postSolution
		SolutionGuid = {384DB012-3BFE-465F-9B14-53CC426D42F0}
	EndGlobalSection
EndGlobal
